
Microsoft Visual Studio Solution File, Format Version 12.00
# Visual Studio Version 17
VisualStudioVersion = 17.3.32922.545
MinimumVisualStudioVersion = 10.0.40219.1
Project("{FAE04EC0-301F-11D3-BF4B-00C04F79EFBC}") = "AuthenticationMicroservice", "AuthenticationMicroservice\AuthenticationMicroservice.csproj", "{C458E74D-284D-4B34-B166-100227979E94}"
EndProject
Project("{9A19103F-16F7-4668-BE54-9A1E7A4F7556}") = "Repository", "Repository\Repository.csproj", "{2686B522-756A-460C-B526-79C6F6AF7FBF}"
EndProject
Project("{9A19103F-16F7-4668-BE54-9A1E7A4F7556}") = "Service", "Service\Service.csproj", "{0DB26426-6155-4E79-B19E-50400A420D3D}"
EndProject
Project("{FAE04EC0-301F-11D3-BF4B-00C04F79EFBC}") = "AuthenticationIntegrationTests", "AuthenticationIntegrationTests\AuthenticationIntegrationTests.csproj", "{831926E4-DC13-46D3-A660-0F6A29055780}"
EndProject
Global
	GlobalSection(SolutionConfigurationPlatforms) = preSolution
		Debug|Any CPU = Debug|Any CPU
		Release|Any CPU = Release|Any CPU
	EndGlobalSection
	GlobalSection(ProjectConfigurationPlatforms) = postSolution
		{C458E74D-284D-4B34-B166-100227979E94}.Debug|Any CPU.ActiveCfg = Debug|Any CPU
		{C458E74D-284D-4B34-B166-100227979E94}.Debug|Any CPU.Build.0 = Debug|Any CPU
		{C458E74D-284D-4B34-B166-100227979E94}.Release|Any CPU.ActiveCfg = Release|Any CPU
		{C458E74D-284D-4B34-B166-100227979E94}.Release|Any CPU.Build.0 = Release|Any CPU
		{2686B522-756A-460C-B526-79C6F6AF7FBF}.Debug|Any CPU.ActiveCfg = Debug|Any CPU
		{2686B522-756A-460C-B526-79C6F6AF7FBF}.Debug|Any CPU.Build.0 = Debug|Any CPU
		{2686B522-756A-460C-B526-79C6F6AF7FBF}.Release|Any CPU.ActiveCfg = Release|Any CPU
		{2686B522-756A-460C-B526-79C6F6AF7FBF}.Release|Any CPU.Build.0 = Release|Any CPU
		{0DB26426-6155-4E79-B19E-50400A420D3D}.Debug|Any CPU.ActiveCfg = Debug|Any CPU
		{0DB26426-6155-4E79-B19E-50400A420D3D}.Debug|Any CPU.Build.0 = Debug|Any CPU
		{0DB26426-6155-4E79-B19E-50400A420D3D}.Release|Any CPU.ActiveCfg = Release|Any CPU
		{0DB26426-6155-4E79-B19E-50400A420D3D}.Release|Any CPU.Build.0 = Release|Any CPU
		{831926E4-DC13-46D3-A660-0F6A29055780}.Debug|Any CPU.ActiveCfg = Debug|Any CPU
		{831926E4-DC13-46D3-A660-0F6A29055780}.Debug|Any CPU.Build.0 = Debug|Any CPU
		{831926E4-DC13-46D3-A660-0F6A29055780}.Release|Any CPU.ActiveCfg = Release|Any CPU
		{831926E4-DC13-46D3-A660-0F6A29055780}.Release|Any CPU.Build.0 = Release|Any CPU
	EndGlobalSection
	GlobalSection(SolutionProperties) = preSolution
		HideSolutionNode = FALSE
	EndGlobalSection
	GlobalSection(ExtensibilityGlobals) = postSolution
		SolutionGuid = {13953ECF-788C-4C93-8390-0D980D548276}
	EndGlobalSection
EndGlobal
